
Microsoft Visual Studio Solution File, Format Version 12.00
# Visual Studio Version 17
VisualStudioVersion = 17.9.34701.34
MinimumVisualStudioVersion = 10.0.40219.1
Project("{2150E333-8FDC-42A3-9474-1A3956D46DE8}") = "Data", "Data", "{9E64181F-27F0-4488-8A76-5FDBBFE214C8}"
EndProject
Project("{2150E333-8FDC-42A3-9474-1A3956D46DE8}") = "Services", "Services", "{B7EF7CF9-63FC-49A5-882E-3242A5FDD876}"
EndProject
Project("{2150E333-8FDC-42A3-9474-1A3956D46DE8}") = "Systems", "Systems", "{35DF2800-BD78-4CC5-B843-9AF20879C948}"
EndProject
Project("{2150E333-8FDC-42A3-9474-1A3956D46DE8}") = "Shared", "Shared", "{AA8150A9-682F-43FB-B19E-3FDB9D04A332}"
EndProject
Project("{2150E333-8FDC-42A3-9474-1A3956D46DE8}") = "Test", "Test", "{0396C3B7-51A5-4A29-BB2C-9446451E50B3}"
EndProject
Project("{2150E333-8FDC-42A3-9474-1A3956D46DE8}") = "Api", "Api", "{25562056-698C-48B0-8926-0916F5A02E56}"
EndProject
Project("{2150E333-8FDC-42A3-9474-1A3956D46DE8}") = "Worker", "Worker", "{25AF64C0-CBEA-4113-AF66-737F359D835C}"
EndProject
Project("{2150E333-8FDC-42A3-9474-1A3956D46DE8}") = "Web", "Web", "{8E40F0AE-FE0E-4418-94DE-FA51BB039ED6}"
EndProject
Project("{9A19103F-16F7-4668-BE54-9A1E7A4F7556}") = "PracticeProject.Worker", "Systems\Worker\PracticeProject.Worker\PracticeProject.Worker.csproj", "{62C11540-FD3D-4452-B30D-4400C612F0B9}"
EndProject
Project("{9A19103F-16F7-4668-BE54-9A1E7A4F7556}") = "PracticeProject.Api", "Systems\Api\PracticeProject.Api\PracticeProject.Api.csproj", "{10CC4C9A-F976-4BEF-85CE-B616F00192E2}"
EndProject
Project("{9A19103F-16F7-4668-BE54-9A1E7A4F7556}") = "PracticeProject.Common", "Shared\PracticeProject.Common\PracticeProject.Common.csproj", "{6D3F73E5-D1C8-4159-B454-5780DBEEF85B}"
EndProject
Project("{9A19103F-16F7-4668-BE54-9A1E7A4F7556}") = "PracticeProject.Service.Settings", "Services\PracticeProject.Service.Settings\PracticeProject.Service.Settings.csproj", "{5EFD38D1-396E-4FE1-B43A-5147CA5B40AD}"
EndProject
Project("{9A19103F-16F7-4668-BE54-9A1E7A4F7556}") = "PracticeProject.Services.Logger", "Services\PracticeProject.Services.Logger\PracticeProject.Services.Logger.csproj", "{2476B442-ACAA-447B-96B4-276EE77A5323}"
EndProject
Project("{9A19103F-16F7-4668-BE54-9A1E7A4F7556}") = "PracticeProject.Context.Entities", "Data\PracticeProject.Context.Entities\PracticeProject.Context.Entities.csproj", "{95A0AA91-CEE3-4564-BBAD-537B2F1B86A5}"
EndProject
Project("{9A19103F-16F7-4668-BE54-9A1E7A4F7556}") = "PracticeProject.Context", "Data\PracticeProject.Context\PracticeProject.Context.csproj", "{8E28D4C2-0126-411D-8632-A72D4E63B790}"
EndProject
Project("{E53339B2-1760-4266-BCC7-CA923CBCF16C}") = "docker-compose", "docker-compose.dcproj", "{8DFFBB55-BCC8-4489-92CF-7FBD869F7BC9}"
EndProject
Project("{2150E333-8FDC-42A3-9474-1A3956D46DE8}") = "Migrations", "Migrations", "{2FAA4BA3-29A5-4291-A547-32FB675713E3}"
EndProject
Project("{9A19103F-16F7-4668-BE54-9A1E7A4F7556}") = "PracticeProject.Context.Migrations.PgSql", "Data\PracticeProject.Context.Migrations\PracticeProject.Context.Migrations.PgSql\PracticeProject.Context.Migrations.PgSql.csproj", "{25EDCF0A-6148-4767-B46E-77F68CB2BB99}"
EndProject
Project("{9A19103F-16F7-4668-BE54-9A1E7A4F7556}") = "PracticeProject.Context.Migrations.MySql", "Data\PracticeProject.Context.Migrations\PracticeProject.Context.Migrations.MySql\PracticeProject.Context.Migrations.MySql.csproj", "{3E288626-82A5-47D6-82D3-7CB554AF2182}"
EndProject
Project("{9A19103F-16F7-4668-BE54-9A1E7A4F7556}") = "PracticeProject.Context.Seeder", "Data\PracticeProject.Context.Seeder\PracticeProject.Context.Seeder.csproj", "{C3FECEB1-16B1-44CD-91F7-C3EFBF973A35}"
EndProject
Project("{9A19103F-16F7-4668-BE54-9A1E7A4F7556}") = "PracticeProject.Services.Cars", "Services\PracticeProject.Services.Cars\PracticeProject.Services.Cars.csproj", "{1AA743C4-A4FD-4A0E-97C0-BDA14DEC1642}"
EndProject
Project("{9A19103F-16F7-4668-BE54-9A1E7A4F7556}") = "PracticeProject.Services.Actions", "Services\Practice.Services.Actions\PracticeProject.Services.Actions.csproj", "{00BB9A0E-82FA-472A-A256-773FB9271CE3}"
EndProject
Project("{9A19103F-16F7-4668-BE54-9A1E7A4F7556}") = "PracticeProject.Services.RabbitMq", "Services\Practice.Services.RabbitMq\PracticeProject.Services.RabbitMq.csproj", "{F4E7F54A-5BC5-4E2A-B91E-ADD979F6AAF1}"
EndProject
Project("{2150E333-8FDC-42A3-9474-1A3956D46DE8}") = "Identity", "Identity", "{BCB5181C-67A7-4D02-AA51-26AC44513B69}"
EndProject
Project("{9A19103F-16F7-4668-BE54-9A1E7A4F7556}") = "PracticeProject.Identity", "Systems\Identity\PracticeProject.Identity\PracticeProject.Identity.csproj", "{6EBA9098-18B2-400D-BC19-F3630B6A25F7}"
EndProject
Project("{9A19103F-16F7-4668-BE54-9A1E7A4F7556}") = "PracticeProject.Services.AuthorizedUsersAccount", "Services\PracticeProject.Services.AuthorizedUsersAccount\PracticeProject.Services.AuthorizedUsersAccount.csproj", "{1D3962E7-57A5-4194-92D7-573BEB094791}"
EndProject
Project("{9A19103F-16F7-4668-BE54-9A1E7A4F7556}") = "PracticeProject.Context.Migrations.MSSQL", "Data\PracticeProject.Context.Migrations\PracticeProject.Context.Migrations.MSSQL\PracticeProject.Context.Migrations.MSSQL.csproj", "{6DDD4DF9-ABC4-4F1A-AE7A-AB23E9DB8E51}"
EndProject
Project("{9A19103F-16F7-4668-BE54-9A1E7A4F7556}") = "PracticeProject.Services.Seller", "Services\PracticeProject.Services.Seller\PracticeProject.Services.Seller.csproj", "{5C3DF637-7C0B-4935-974B-B326B4D7B076}"
EndProject
Project("{9A19103F-16F7-4668-BE54-9A1E7A4F7556}") = "PracticeProject.Web", "Systems\Web\PracticeProject.Web\PracticeProject.Web.csproj", "{4A1DFFCC-C2D3-41E9-9FB0-4C686B91219A}"
EndProject
Project("{9A19103F-16F7-4668-BE54-9A1E7A4F7556}") = "PracticeProject.Api.Settings", "Systems\Api\PracticeProject.Api.Settings\PracticeProject.Api.Settings.csproj", "{5FD87F87-27D5-4B7F-9CA5-8C15A6EE9A75}"
EndProject
Project("{9A19103F-16F7-4668-BE54-9A1E7A4F7556}") = "PracticeProject.Worker.Settings", "Systems\Worker\PracticeProject.Worker.Settings\PracticeProject.Worker.Settings.csproj", "{A4140BD9-BD7C-4109-BA39-E617560CC3BE}"
EndProject
Project("{9A19103F-16F7-4668-BE54-9A1E7A4F7556}") = "PracticeProject.Services.Hub", "Services\PracticeProject.Services.Hub\PracticeProject.Services.Hub.csproj", "{C70814AF-1AC5-4EFB-8586-8C1F25C52A3A}"
EndProject
Project("{9A19103F-16F7-4668-BE54-9A1E7A4F7556}") = "PracticeProject.Services.ViewRequest", "Services\PracticeProject.Services.ViewRequest\PracticeProject.Services.ViewRequest.csproj", "{8AEC315C-9147-47BD-B205-812D70E86742}"
EndProject
Project("{9A19103F-16F7-4668-BE54-9A1E7A4F7556}") = "PracticeProject.Services.Cache", "Services\PracticeProject.Services.Cache\PracticeProject.Services.Cache.csproj", "{9BCE1D14-48F7-451B-B8E2-A0665A0E06FF}"
EndProject
Global
	GlobalSection(SolutionConfigurationPlatforms) = preSolution
		Debug|Any CPU = Debug|Any CPU
		Release|Any CPU = Release|Any CPU
	EndGlobalSection
	GlobalSection(ProjectConfigurationPlatforms) = postSolution
		{62C11540-FD3D-4452-B30D-4400C612F0B9}.Debug|Any CPU.ActiveCfg = Debug|Any CPU
		{62C11540-FD3D-4452-B30D-4400C612F0B9}.Debug|Any CPU.Build.0 = Debug|Any CPU
		{62C11540-FD3D-4452-B30D-4400C612F0B9}.Release|Any CPU.ActiveCfg = Release|Any CPU
		{62C11540-FD3D-4452-B30D-4400C612F0B9}.Release|Any CPU.Build.0 = Release|Any CPU
		{10CC4C9A-F976-4BEF-85CE-B616F00192E2}.Debug|Any CPU.ActiveCfg = Debug|Any CPU
		{10CC4C9A-F976-4BEF-85CE-B616F00192E2}.Debug|Any CPU.Build.0 = Debug|Any CPU
		{10CC4C9A-F976-4BEF-85CE-B616F00192E2}.Release|Any CPU.ActiveCfg = Release|Any CPU
		{10CC4C9A-F976-4BEF-85CE-B616F00192E2}.Release|Any CPU.Build.0 = Release|Any CPU
		{6D3F73E5-D1C8-4159-B454-5780DBEEF85B}.Debug|Any CPU.ActiveCfg = Debug|Any CPU
		{6D3F73E5-D1C8-4159-B454-5780DBEEF85B}.Debug|Any CPU.Build.0 = Debug|Any CPU
		{6D3F73E5-D1C8-4159-B454-5780DBEEF85B}.Release|Any CPU.ActiveCfg = Release|Any CPU
		{6D3F73E5-D1C8-4159-B454-5780DBEEF85B}.Release|Any CPU.Build.0 = Release|Any CPU
		{5EFD38D1-396E-4FE1-B43A-5147CA5B40AD}.Debug|Any CPU.ActiveCfg = Debug|Any CPU
		{5EFD38D1-396E-4FE1-B43A-5147CA5B40AD}.Debug|Any CPU.Build.0 = Debug|Any CPU
		{5EFD38D1-396E-4FE1-B43A-5147CA5B40AD}.Release|Any CPU.ActiveCfg = Release|Any CPU
		{5EFD38D1-396E-4FE1-B43A-5147CA5B40AD}.Release|Any CPU.Build.0 = Release|Any CPU
		{2476B442-ACAA-447B-96B4-276EE77A5323}.Debug|Any CPU.ActiveCfg = Debug|Any CPU
		{2476B442-ACAA-447B-96B4-276EE77A5323}.Debug|Any CPU.Build.0 = Debug|Any CPU
		{2476B442-ACAA-447B-96B4-276EE77A5323}.Release|Any CPU.ActiveCfg = Release|Any CPU
		{2476B442-ACAA-447B-96B4-276EE77A5323}.Release|Any CPU.Build.0 = Release|Any CPU
		{95A0AA91-CEE3-4564-BBAD-537B2F1B86A5}.Debug|Any CPU.ActiveCfg = Debug|Any CPU
		{95A0AA91-CEE3-4564-BBAD-537B2F1B86A5}.Debug|Any CPU.Build.0 = Debug|Any CPU
		{95A0AA91-CEE3-4564-BBAD-537B2F1B86A5}.Release|Any CPU.ActiveCfg = Release|Any CPU
		{95A0AA91-CEE3-4564-BBAD-537B2F1B86A5}.Release|Any CPU.Build.0 = Release|Any CPU
		{8E28D4C2-0126-411D-8632-A72D4E63B790}.Debug|Any CPU.ActiveCfg = Debug|Any CPU
		{8E28D4C2-0126-411D-8632-A72D4E63B790}.Debug|Any CPU.Build.0 = Debug|Any CPU
		{8E28D4C2-0126-411D-8632-A72D4E63B790}.Release|Any CPU.ActiveCfg = Release|Any CPU
		{8E28D4C2-0126-411D-8632-A72D4E63B790}.Release|Any CPU.Build.0 = Release|Any CPU
		{8DFFBB55-BCC8-4489-92CF-7FBD869F7BC9}.Debug|Any CPU.ActiveCfg = Debug|Any CPU
		{8DFFBB55-BCC8-4489-92CF-7FBD869F7BC9}.Debug|Any CPU.Build.0 = Debug|Any CPU
		{8DFFBB55-BCC8-4489-92CF-7FBD869F7BC9}.Release|Any CPU.ActiveCfg = Release|Any CPU
		{8DFFBB55-BCC8-4489-92CF-7FBD869F7BC9}.Release|Any CPU.Build.0 = Release|Any CPU
		{25EDCF0A-6148-4767-B46E-77F68CB2BB99}.Debug|Any CPU.ActiveCfg = Debug|Any CPU
		{25EDCF0A-6148-4767-B46E-77F68CB2BB99}.Debug|Any CPU.Build.0 = Debug|Any CPU
		{25EDCF0A-6148-4767-B46E-77F68CB2BB99}.Release|Any CPU.ActiveCfg = Release|Any CPU
		{25EDCF0A-6148-4767-B46E-77F68CB2BB99}.Release|Any CPU.Build.0 = Release|Any CPU
		{3E288626-82A5-47D6-82D3-7CB554AF2182}.Debug|Any CPU.ActiveCfg = Debug|Any CPU
		{3E288626-82A5-47D6-82D3-7CB554AF2182}.Debug|Any CPU.Build.0 = Debug|Any CPU
		{3E288626-82A5-47D6-82D3-7CB554AF2182}.Release|Any CPU.ActiveCfg = Release|Any CPU
		{3E288626-82A5-47D6-82D3-7CB554AF2182}.Release|Any CPU.Build.0 = Release|Any CPU
		{C3FECEB1-16B1-44CD-91F7-C3EFBF973A35}.Debug|Any CPU.ActiveCfg = Debug|Any CPU
		{C3FECEB1-16B1-44CD-91F7-C3EFBF973A35}.Debug|Any CPU.Build.0 = Debug|Any CPU
		{C3FECEB1-16B1-44CD-91F7-C3EFBF973A35}.Release|Any CPU.ActiveCfg = Release|Any CPU
		{C3FECEB1-16B1-44CD-91F7-C3EFBF973A35}.Release|Any CPU.Build.0 = Release|Any CPU
		{1AA743C4-A4FD-4A0E-97C0-BDA14DEC1642}.Debug|Any CPU.ActiveCfg = Debug|Any CPU
		{1AA743C4-A4FD-4A0E-97C0-BDA14DEC1642}.Debug|Any CPU.Build.0 = Debug|Any CPU
		{1AA743C4-A4FD-4A0E-97C0-BDA14DEC1642}.Release|Any CPU.ActiveCfg = Release|Any CPU
		{1AA743C4-A4FD-4A0E-97C0-BDA14DEC1642}.Release|Any CPU.Build.0 = Release|Any CPU
		{00BB9A0E-82FA-472A-A256-773FB9271CE3}.Debug|Any CPU.ActiveCfg = Debug|Any CPU
		{00BB9A0E-82FA-472A-A256-773FB9271CE3}.Debug|Any CPU.Build.0 = Debug|Any CPU
		{00BB9A0E-82FA-472A-A256-773FB9271CE3}.Release|Any CPU.ActiveCfg = Release|Any CPU
		{00BB9A0E-82FA-472A-A256-773FB9271CE3}.Release|Any CPU.Build.0 = Release|Any CPU
		{F4E7F54A-5BC5-4E2A-B91E-ADD979F6AAF1}.Debug|Any CPU.ActiveCfg = Debug|Any CPU
		{F4E7F54A-5BC5-4E2A-B91E-ADD979F6AAF1}.Debug|Any CPU.Build.0 = Debug|Any CPU
		{F4E7F54A-5BC5-4E2A-B91E-ADD979F6AAF1}.Release|Any CPU.ActiveCfg = Release|Any CPU
		{F4E7F54A-5BC5-4E2A-B91E-ADD979F6AAF1}.Release|Any CPU.Build.0 = Release|Any CPU
		{6EBA9098-18B2-400D-BC19-F3630B6A25F7}.Debug|Any CPU.ActiveCfg = Debug|Any CPU
		{6EBA9098-18B2-400D-BC19-F3630B6A25F7}.Debug|Any CPU.Build.0 = Debug|Any CPU
		{6EBA9098-18B2-400D-BC19-F3630B6A25F7}.Release|Any CPU.ActiveCfg = Release|Any CPU
		{6EBA9098-18B2-400D-BC19-F3630B6A25F7}.Release|Any CPU.Build.0 = Release|Any CPU
		{1D3962E7-57A5-4194-92D7-573BEB094791}.Debug|Any CPU.ActiveCfg = Debug|Any CPU
		{1D3962E7-57A5-4194-92D7-573BEB094791}.Debug|Any CPU.Build.0 = Debug|Any CPU
		{1D3962E7-57A5-4194-92D7-573BEB094791}.Release|Any CPU.ActiveCfg = Release|Any CPU
		{1D3962E7-57A5-4194-92D7-573BEB094791}.Release|Any CPU.Build.0 = Release|Any CPU
		{6DDD4DF9-ABC4-4F1A-AE7A-AB23E9DB8E51}.Debug|Any CPU.ActiveCfg = Debug|Any CPU
		{6DDD4DF9-ABC4-4F1A-AE7A-AB23E9DB8E51}.Debug|Any CPU.Build.0 = Debug|Any CPU
		{6DDD4DF9-ABC4-4F1A-AE7A-AB23E9DB8E51}.Release|Any CPU.ActiveCfg = Release|Any CPU
		{6DDD4DF9-ABC4-4F1A-AE7A-AB23E9DB8E51}.Release|Any CPU.Build.0 = Release|Any CPU
		{5C3DF637-7C0B-4935-974B-B326B4D7B076}.Debug|Any CPU.ActiveCfg = Debug|Any CPU
		{5C3DF637-7C0B-4935-974B-B326B4D7B076}.Debug|Any CPU.Build.0 = Debug|Any CPU
		{5C3DF637-7C0B-4935-974B-B326B4D7B076}.Release|Any CPU.ActiveCfg = Release|Any CPU
		{5C3DF637-7C0B-4935-974B-B326B4D7B076}.Release|Any CPU.Build.0 = Release|Any CPU
		{4A1DFFCC-C2D3-41E9-9FB0-4C686B91219A}.Debug|Any CPU.ActiveCfg = Debug|Any CPU
		{4A1DFFCC-C2D3-41E9-9FB0-4C686B91219A}.Debug|Any CPU.Build.0 = Debug|Any CPU
		{4A1DFFCC-C2D3-41E9-9FB0-4C686B91219A}.Release|Any CPU.ActiveCfg = Release|Any CPU
		{4A1DFFCC-C2D3-41E9-9FB0-4C686B91219A}.Release|Any CPU.Build.0 = Release|Any CPU
		{5FD87F87-27D5-4B7F-9CA5-8C15A6EE9A75}.Debug|Any CPU.ActiveCfg = Debug|Any CPU
		{5FD87F87-27D5-4B7F-9CA5-8C15A6EE9A75}.Debug|Any CPU.Build.0 = Debug|Any CPU
		{5FD87F87-27D5-4B7F-9CA5-8C15A6EE9A75}.Release|Any CPU.ActiveCfg = Release|Any CPU
		{5FD87F87-27D5-4B7F-9CA5-8C15A6EE9A75}.Release|Any CPU.Build.0 = Release|Any CPU
		{A4140BD9-BD7C-4109-BA39-E617560CC3BE}.Debug|Any CPU.ActiveCfg = Debug|Any CPU
		{A4140BD9-BD7C-4109-BA39-E617560CC3BE}.Debug|Any CPU.Build.0 = Debug|Any CPU
		{A4140BD9-BD7C-4109-BA39-E617560CC3BE}.Release|Any CPU.ActiveCfg = Release|Any CPU
		{A4140BD9-BD7C-4109-BA39-E617560CC3BE}.Release|Any CPU.Build.0 = Release|Any CPU
		{C70814AF-1AC5-4EFB-8586-8C1F25C52A3A}.Debug|Any CPU.ActiveCfg = Debug|Any CPU
		{C70814AF-1AC5-4EFB-8586-8C1F25C52A3A}.Debug|Any CPU.Build.0 = Debug|Any CPU
		{C70814AF-1AC5-4EFB-8586-8C1F25C52A3A}.Release|Any CPU.ActiveCfg = Release|Any CPU
		{C70814AF-1AC5-4EFB-8586-8C1F25C52A3A}.Release|Any CPU.Build.0 = Release|Any CPU
		{8AEC315C-9147-47BD-B205-812D70E86742}.Debug|Any CPU.ActiveCfg = Debug|Any CPU
		{8AEC315C-9147-47BD-B205-812D70E86742}.Debug|Any CPU.Build.0 = Debug|Any CPU
		{8AEC315C-9147-47BD-B205-812D70E86742}.Release|Any CPU.ActiveCfg = Release|Any CPU
		{8AEC315C-9147-47BD-B205-812D70E86742}.Release|Any CPU.Build.0 = Release|Any CPU
		{9BCE1D14-48F7-451B-B8E2-A0665A0E06FF}.Debug|Any CPU.ActiveCfg = Debug|Any CPU
		{9BCE1D14-48F7-451B-B8E2-A0665A0E06FF}.Debug|Any CPU.Build.0 = Debug|Any CPU
		{9BCE1D14-48F7-451B-B8E2-A0665A0E06FF}.Release|Any CPU.ActiveCfg = Release|Any CPU
		{9BCE1D14-48F7-451B-B8E2-A0665A0E06FF}.Release|Any CPU.Build.0 = Release|Any CPU
	EndGlobalSection
	GlobalSection(SolutionProperties) = preSolution
		HideSolutionNode = FALSE
	EndGlobalSection
	GlobalSection(NestedProjects) = preSolution
		{25562056-698C-48B0-8926-0916F5A02E56} = {35DF2800-BD78-4CC5-B843-9AF20879C948}
		{25AF64C0-CBEA-4113-AF66-737F359D835C} = {35DF2800-BD78-4CC5-B843-9AF20879C948}
		{8E40F0AE-FE0E-4418-94DE-FA51BB039ED6} = {35DF2800-BD78-4CC5-B843-9AF20879C948}
		{62C11540-FD3D-4452-B30D-4400C612F0B9} = {25AF64C0-CBEA-4113-AF66-737F359D835C}
		{10CC4C9A-F976-4BEF-85CE-B616F00192E2} = {25562056-698C-48B0-8926-0916F5A02E56}
		{6D3F73E5-D1C8-4159-B454-5780DBEEF85B} = {AA8150A9-682F-43FB-B19E-3FDB9D04A332}
		{5EFD38D1-396E-4FE1-B43A-5147CA5B40AD} = {B7EF7CF9-63FC-49A5-882E-3242A5FDD876}
		{2476B442-ACAA-447B-96B4-276EE77A5323} = {B7EF7CF9-63FC-49A5-882E-3242A5FDD876}
		{95A0AA91-CEE3-4564-BBAD-537B2F1B86A5} = {9E64181F-27F0-4488-8A76-5FDBBFE214C8}
		{8E28D4C2-0126-411D-8632-A72D4E63B790} = {9E64181F-27F0-4488-8A76-5FDBBFE214C8}
		{2FAA4BA3-29A5-4291-A547-32FB675713E3} = {9E64181F-27F0-4488-8A76-5FDBBFE214C8}
		{25EDCF0A-6148-4767-B46E-77F68CB2BB99} = {2FAA4BA3-29A5-4291-A547-32FB675713E3}
		{3E288626-82A5-47D6-82D3-7CB554AF2182} = {2FAA4BA3-29A5-4291-A547-32FB675713E3}
		{C3FECEB1-16B1-44CD-91F7-C3EFBF973A35} = {9E64181F-27F0-4488-8A76-5FDBBFE214C8}
		{1AA743C4-A4FD-4A0E-97C0-BDA14DEC1642} = {B7EF7CF9-63FC-49A5-882E-3242A5FDD876}
		{00BB9A0E-82FA-472A-A256-773FB9271CE3} = {B7EF7CF9-63FC-49A5-882E-3242A5FDD876}
		{F4E7F54A-5BC5-4E2A-B91E-ADD979F6AAF1} = {B7EF7CF9-63FC-49A5-882E-3242A5FDD876}
		{BCB5181C-67A7-4D02-AA51-26AC44513B69} = {35DF2800-BD78-4CC5-B843-9AF20879C948}
		{6EBA9098-18B2-400D-BC19-F3630B6A25F7} = {BCB5181C-67A7-4D02-AA51-26AC44513B69}
		{1D3962E7-57A5-4194-92D7-573BEB094791} = {B7EF7CF9-63FC-49A5-882E-3242A5FDD876}
		{6DDD4DF9-ABC4-4F1A-AE7A-AB23E9DB8E51} = {2FAA4BA3-29A5-4291-A547-32FB675713E3}
		{5C3DF637-7C0B-4935-974B-B326B4D7B076} = {B7EF7CF9-63FC-49A5-882E-3242A5FDD876}
		{4A1DFFCC-C2D3-41E9-9FB0-4C686B91219A} = {8E40F0AE-FE0E-4418-94DE-FA51BB039ED6}
		{5FD87F87-27D5-4B7F-9CA5-8C15A6EE9A75} = {25562056-698C-48B0-8926-0916F5A02E56}
		{A4140BD9-BD7C-4109-BA39-E617560CC3BE} = {25AF64C0-CBEA-4113-AF66-737F359D835C}
		{C70814AF-1AC5-4EFB-8586-8C1F25C52A3A} = {B7EF7CF9-63FC-49A5-882E-3242A5FDD876}
		{8AEC315C-9147-47BD-B205-812D70E86742} = {B7EF7CF9-63FC-49A5-882E-3242A5FDD876}
		{9BCE1D14-48F7-451B-B8E2-A0665A0E06FF} = {B7EF7CF9-63FC-49A5-882E-3242A5FDD876}
	EndGlobalSection
	GlobalSection(ExtensibilityGlobals) = postSolution
		SolutionGuid = {C23B43B4-0755-4456-86E9-CCE397812FB7}
	EndGlobalSection
EndGlobal
